{
  "name": "npmpruebas",
  "lockfileVersion": 2,
  "requires": true,
  "packages": {
    "": {
      "dependencies": {
        "timer-node": "^5.0.5"
      }
    },
    "node_modules/timer-node": {
      "version": "5.0.5",
      "resolved": "https://registry.npmjs.org/timer-node/-/timer-node-5.0.5.tgz",
      "integrity": "sha512-a/RE0HITUQ8+BBqvGmSUycpsHHY4RLvdbzlUD53FtvvY8osjSMMeo/c4jfrcjVc+AK9d3SUGiUO5HwWIlKtFwQ=="
    }
  },
  "dependencies": {
    "timer-node": {
      "version": "5.0.5",
      "resolved": "https://registry.npmjs.org/timer-node/-/timer-node-5.0.5.tgz",
      "integrity": "sha512-a/RE0HITUQ8+BBqvGmSUycpsHHY4RLvdbzlUD53FtvvY8osjSMMeo/c4jfrcjVc+AK9d3SUGiUO5HwWIlKtFwQ=="
    }
  }
}
